
Microsoft Visual Studio Solution File, Format Version 12.00
# Visual Studio Version 17
VisualStudioVersion = 17.6.33829.357
MinimumVisualStudioVersion = 10.0.40219.1
Project("{FAE04EC0-301F-11D3-BF4B-00C04F79EFBC}") = "lab3_ass_Q2", "lab3_ass_Q2\lab3_ass_Q2.csproj", "{4C1113C5-9682-40EF-88BC-1365BA02F722}"
EndProject
Global
	GlobalSection(SolutionConfigurationPlatforms) = preSolution
		Debug|Any CPU = Debug|Any CPU
		Release|Any CPU = Release|Any CPU
	EndGlobalSection
	GlobalSection(ProjectConfigurationPlatforms) = postSolution
		{4C1113C5-9682-40EF-88BC-1365BA02F722}.Debug|Any CPU.ActiveCfg = Debug|Any CPU
		{4C1113C5-9682-40EF-88BC-1365BA02F722}.Debug|Any CPU.Build.0 = Debug|Any CPU
		{4C1113C5-9682-40EF-88BC-1365BA02F722}.Release|Any CPU.ActiveCfg = Release|Any CPU
		{4C1113C5-9682-40EF-88BC-1365BA02F722}.Release|Any CPU.Build.0 = Release|Any CPU
	EndGlobalSection
	GlobalSection(SolutionProperties) = preSolution
		HideSolutionNode = FALSE
	EndGlobalSection
	GlobalSection(ExtensibilityGlobals) = postSolution
		SolutionGuid = {B97549E0-C358-44D0-80B0-A48604016A8B}
	EndGlobalSection
EndGlobal
