
Microsoft Visual Studio Solution File, Format Version 12.00
# Visual Studio Version 17
VisualStudioVersion = 17.6.33829.357
MinimumVisualStudioVersion = 10.0.40219.1
Project("{FAE04EC0-301F-11D3-BF4B-00C04F79EFBC}") = "lab3task1", "lab3task1\lab3task1.csproj", "{7F28BDB1-1117-4B10-B933-AB3D852D234C}"
EndProject
Global
	GlobalSection(SolutionConfigurationPlatforms) = preSolution
		Debug|Any CPU = Debug|Any CPU
		Release|Any CPU = Release|Any CPU
	EndGlobalSection
	GlobalSection(ProjectConfigurationPlatforms) = postSolution
		{7F28BDB1-1117-4B10-B933-AB3D852D234C}.Debug|Any CPU.ActiveCfg = Debug|Any CPU
		{7F28BDB1-1117-4B10-B933-AB3D852D234C}.Debug|Any CPU.Build.0 = Debug|Any CPU
		{7F28BDB1-1117-4B10-B933-AB3D852D234C}.Release|Any CPU.ActiveCfg = Release|Any CPU
		{7F28BDB1-1117-4B10-B933-AB3D852D234C}.Release|Any CPU.Build.0 = Release|Any CPU
	EndGlobalSection
	GlobalSection(SolutionProperties) = preSolution
		HideSolutionNode = FALSE
	EndGlobalSection
	GlobalSection(ExtensibilityGlobals) = postSolution
		SolutionGuid = {14E9580E-1A95-4737-8370-833354328E00}
	EndGlobalSection
EndGlobal
