
Microsoft Visual Studio Solution File, Format Version 12.00
# Visual Studio Version 17
VisualStudioVersion = 17.6.33829.357
MinimumVisualStudioVersion = 10.0.40219.1
Project("{FAE04EC0-301F-11D3-BF4B-00C04F79EFBC}") = "TaskLab4", "TaskLab4\TaskLab4.csproj", "{ADAFF098-52E3-44D6-AE21-40E76C61540C}"
EndProject
Global
	GlobalSection(SolutionConfigurationPlatforms) = preSolution
		Debug|Any CPU = Debug|Any CPU
		Release|Any CPU = Release|Any CPU
	EndGlobalSection
	GlobalSection(ProjectConfigurationPlatforms) = postSolution
		{ADAFF098-52E3-44D6-AE21-40E76C61540C}.Debug|Any CPU.ActiveCfg = Debug|Any CPU
		{ADAFF098-52E3-44D6-AE21-40E76C61540C}.Debug|Any CPU.Build.0 = Debug|Any CPU
		{ADAFF098-52E3-44D6-AE21-40E76C61540C}.Release|Any CPU.ActiveCfg = Release|Any CPU
		{ADAFF098-52E3-44D6-AE21-40E76C61540C}.Release|Any CPU.Build.0 = Release|Any CPU
	EndGlobalSection
	GlobalSection(SolutionProperties) = preSolution
		HideSolutionNode = FALSE
	EndGlobalSection
	GlobalSection(ExtensibilityGlobals) = postSolution
		SolutionGuid = {E0965E3F-76E7-42D0-9015-B94EAFEAB593}
	EndGlobalSection
EndGlobal
