
Microsoft Visual Studio Solution File, Format Version 12.00
# Visual Studio Version 17
VisualStudioVersion = 17.3.32825.248
MinimumVisualStudioVersion = 10.0.40219.1
Project("{FAE04EC0-301F-11D3-BF4B-00C04F79EFBC}") = "D05", "D05\D05.csproj", "{5E7639CE-C4A9-416B-9906-A51D908280D8}"
EndProject
Global
	GlobalSection(SolutionConfigurationPlatforms) = preSolution
		Debug|Any CPU = Debug|Any CPU
		Release|Any CPU = Release|Any CPU
	EndGlobalSection
	GlobalSection(ProjectConfigurationPlatforms) = postSolution
		{5E7639CE-C4A9-416B-9906-A51D908280D8}.Debug|Any CPU.ActiveCfg = Debug|Any CPU
		{5E7639CE-C4A9-416B-9906-A51D908280D8}.Debug|Any CPU.Build.0 = Debug|Any CPU
		{5E7639CE-C4A9-416B-9906-A51D908280D8}.Release|Any CPU.ActiveCfg = Release|Any CPU
		{5E7639CE-C4A9-416B-9906-A51D908280D8}.Release|Any CPU.Build.0 = Release|Any CPU
	EndGlobalSection
	GlobalSection(SolutionProperties) = preSolution
		HideSolutionNode = FALSE
	EndGlobalSection
	GlobalSection(ExtensibilityGlobals) = postSolution
		SolutionGuid = {7549B5FF-A263-4D60-9F58-1F30A606720C}
	EndGlobalSection
EndGlobal
